// !$*UTF8*$!
{
	archiveVersion = 1;
	classes = {
	};
	objectVersion = 50;
	objects = {

/* Begin PBXBuildFile section */
		DB49658026C2E11C00A89EE9 /* AppDelegate.m in Sources */ = {isa = PBXBuildFile; fileRef = DB49657F26C2E11C00A89EE9 /* AppDelegate.m */; };
		DB49658B26C2E11D00A89EE9 /* Assets.xcassets in Resources */ = {isa = PBXBuildFile; fileRef = DB49658A26C2E11D00A89EE9 /* Assets.xcassets */; };
		DB49659126C2E11D00A89EE9 /* main.m in Sources */ = {isa = PBXBuildFile; fileRef = DB49659026C2E11D00A89EE9 /* main.m */; };
		DB4965BB26C2E19100A89EE9 /* GHZEssenceViewController.m in Sources */ = {isa = PBXBuildFile; fileRef = DB49659A26C2E19100A89EE9 /* GHZEssenceViewController.m */; };
		DB4965BC26C2E19100A89EE9 /* GHZNewController.m in Sources */ = {isa = PBXBuildFile; fileRef = DB4965A026C2E19100A89EE9 /* GHZNewController.m */; };
		DB4965BD26C2E19100A89EE9 /* GHZFriendTrendViewController.m in Sources */ = {isa = PBXBuildFile; fileRef = DB4965A726C2E19100A89EE9 /* GHZFriendTrendViewController.m */; };
		DB4965BE26C2E19100A89EE9 /* GHZBaseNavigationVController.m in Sources */ = {isa = PBXBuildFile; fileRef = DB4965AB26C2E19100A89EE9 /* GHZBaseNavigationVController.m */; };
		DB4965BF26C2E19100A89EE9 /* GHZMainTabBarController.m in Sources */ = {isa = PBXBuildFile; fileRef = DB4965AE26C2E19100A89EE9 /* GHZMainTabBarController.m */; };
		DB4965C026C2E19100A89EE9 /* GHZMeController.m in Sources */ = {isa = PBXBuildFile; fileRef = DB4965B126C2E19100A89EE9 /* GHZMeController.m */; };
		DB4965C126C2E19100A89EE9 /* GHZPublishController.m in Sources */ = {isa = PBXBuildFile; fileRef = DB4965B826C2E19100A89EE9 /* GHZPublishController.m */; };
		DB4965C426C39AB600A89EE9 /* GHZTabBar.m in Sources */ = {isa = PBXBuildFile; fileRef = DB4965C326C39AB600A89EE9 /* GHZTabBar.m */; };
		DB4965CA26C3A44C00A89EE9 /* UIView+Frame.m in Sources */ = {isa = PBXBuildFile; fileRef = DB4965C626C3A44C00A89EE9 /* UIView+Frame.m */; };
		DB4965CB26C3A44C00A89EE9 /* UIImage+Image.m in Sources */ = {isa = PBXBuildFile; fileRef = DB4965C726C3A44C00A89EE9 /* UIImage+Image.m */; };
		DB4965CF26C3BA6500A89EE9 /* UIBarButtonItem+item.m in Sources */ = {isa = PBXBuildFile; fileRef = DB4965CE26C3BA6500A89EE9 /* UIBarButtonItem+item.m */; };
		DB4965D626C506F200A89EE9 /* GHZSettingViewController.m in Sources */ = {isa = PBXBuildFile; fileRef = DB4965D526C506F200A89EE9 /* GHZSettingViewController.m */; };
		DB4965D926C51E7A00A89EE9 /* GHZADController.m in Sources */ = {isa = PBXBuildFile; fileRef = DB4965D826C51E7A00A89EE9 /* GHZADController.m */; };
		DB4965DC26C51E9900A89EE9 /* GHZAD.xib in Resources */ = {isa = PBXBuildFile; fileRef = DB4965DB26C51E9900A89EE9 /* GHZAD.xib */; };
		DB4965E526C5234000A89EE9 /* LaunchImage@2x.png in Resources */ = {isa = PBXBuildFile; fileRef = DB4965DE26C5234000A89EE9 /* LaunchImage@2x.png */; };
		DB4965E626C5234000A89EE9 /* LaunchImage-568h@2x.png in Resources */ = {isa = PBXBuildFile; fileRef = DB4965DF26C5234000A89EE9 /* LaunchImage-568h@2x.png */; };
		DB4965E726C5234000A89EE9 /* LaunchImage-800-667h@2x.png in Resources */ = {isa = PBXBuildFile; fileRef = DB4965E026C5234000A89EE9 /* LaunchImage-800-667h@2x.png */; };
		DB4965E826C5234000A89EE9 /* LaunchImage-800-Portrait-736h@3x.png in Resources */ = {isa = PBXBuildFile; fileRef = DB4965E126C5234000A89EE9 /* LaunchImage-800-Portrait-736h@3x.png */; };
		DB4965E926C5234000A89EE9 /* LaunchImage-700@2x.png in Resources */ = {isa = PBXBuildFile; fileRef = DB4965E226C5234000A89EE9 /* LaunchImage-700@2x.png */; };
		DB4965EA26C5234000A89EE9 /* LaunchImage-700-568h@2x.png in Resources */ = {isa = PBXBuildFile; fileRef = DB4965E326C5234000A89EE9 /* LaunchImage-700-568h@2x.png */; };
		DB4965EB26C5234000A89EE9 /* LaunchImage.png in Resources */ = {isa = PBXBuildFile; fileRef = DB4965E426C5234000A89EE9 /* LaunchImage.png */; };
		DB4965FB26C528F100A89EE9 /* AFURLResponseSerialization.m in Sources */ = {isa = PBXBuildFile; fileRef = DB4965F126C528F000A89EE9 /* AFURLResponseSerialization.m */; };
		DB4965FC26C528F100A89EE9 /* AFHTTPSessionManager.m in Sources */ = {isa = PBXBuildFile; fileRef = DB4965F226C528F000A89EE9 /* AFHTTPSessionManager.m */; };
		DB4965FD26C528F100A89EE9 /* AFURLSessionManager.m in Sources */ = {isa = PBXBuildFile; fileRef = DB4965F426C528F000A89EE9 /* AFURLSessionManager.m */; };
		DB4965FE26C528F100A89EE9 /* AFURLRequestSerialization.m in Sources */ = {isa = PBXBuildFile; fileRef = DB4965F526C528F000A89EE9 /* AFURLRequestSerialization.m */; };
		DB4965FF26C528F100A89EE9 /* AFNetworkReachabilityManager.m in Sources */ = {isa = PBXBuildFile; fileRef = DB4965F726C528F000A89EE9 /* AFNetworkReachabilityManager.m */; };
		DB49660026C528F100A89EE9 /* AFSecurityPolicy.m in Sources */ = {isa = PBXBuildFile; fileRef = DB4965F826C528F000A89EE9 /* AFSecurityPolicy.m */; };
/* End PBXBuildFile section */

/* Begin PBXFileReference section */
		DB49657B26C2E11C00A89EE9 /* GHZbaisi.app */ = {isa = PBXFileReference; explicitFileType = wrapper.application; includeInIndex = 0; path = GHZbaisi.app; sourceTree = BUILT_PRODUCTS_DIR; };
		DB49657E26C2E11C00A89EE9 /* AppDelegate.h */ = {isa = PBXFileReference; lastKnownFileType = sourcecode.c.h; path = AppDelegate.h; sourceTree = "<group>"; };
		DB49657F26C2E11C00A89EE9 /* AppDelegate.m */ = {isa = PBXFileReference; lastKnownFileType = sourcecode.c.objc; path = AppDelegate.m; sourceTree = "<group>"; };
		DB49658A26C2E11D00A89EE9 /* Assets.xcassets */ = {isa = PBXFileReference; lastKnownFileType = folder.assetcatalog; path = Assets.xcassets; sourceTree = "<group>"; };
		DB49658F26C2E11D00A89EE9 /* Info.plist */ = {isa = PBXFileReference; lastKnownFileType = text.plist.xml; path = Info.plist; sourceTree = "<group>"; };
		DB49659026C2E11D00A89EE9 /* main.m */ = {isa = PBXFileReference; lastKnownFileType = sourcecode.c.objc; path = main.m; sourceTree = "<group>"; };
		DB49659A26C2E19100A89EE9 /* GHZEssenceViewController.m */ = {isa = PBXFileReference; fileEncoding = 4; lastKnownFileType = sourcecode.c.objc; path = GHZEssenceViewController.m; sourceTree = "<group>"; };
		DB49659B26C2E19100A89EE9 /* GHZEssenceViewController.h */ = {isa = PBXFileReference; fileEncoding = 4; lastKnownFileType = sourcecode.c.h; path = GHZEssenceViewController.h; sourceTree = "<group>"; };
		DB4965A026C2E19100A89EE9 /* GHZNewController.m */ = {isa = PBXFileReference; fileEncoding = 4; lastKnownFileType = sourcecode.c.objc; path = GHZNewController.m; sourceTree = "<group>"; };
		DB4965A126C2E19100A89EE9 /* GHZNewController.h */ = {isa = PBXFileReference; fileEncoding = 4; lastKnownFileType = sourcecode.c.h; path = GHZNewController.h; sourceTree = "<group>"; };
		DB4965A626C2E19100A89EE9 /* GHZFriendTrendViewController.h */ = {isa = PBXFileReference; fileEncoding = 4; lastKnownFileType = sourcecode.c.h; path = GHZFriendTrendViewController.h; sourceTree = "<group>"; };
		DB4965A726C2E19100A89EE9 /* GHZFriendTrendViewController.m */ = {isa = PBXFileReference; fileEncoding = 4; lastKnownFileType = sourcecode.c.objc; path = GHZFriendTrendViewController.m; sourceTree = "<group>"; };
		DB4965AB26C2E19100A89EE9 /* GHZBaseNavigationVController.m */ = {isa = PBXFileReference; fileEncoding = 4; lastKnownFileType = sourcecode.c.objc; path = GHZBaseNavigationVController.m; sourceTree = "<group>"; };
		DB4965AC26C2E19100A89EE9 /* GHZMainTabBarController.h */ = {isa = PBXFileReference; fileEncoding = 4; lastKnownFileType = sourcecode.c.h; path = GHZMainTabBarController.h; sourceTree = "<group>"; };
		DB4965AD26C2E19100A89EE9 /* GHZBaseNavigationVController.h */ = {isa = PBXFileReference; fileEncoding = 4; lastKnownFileType = sourcecode.c.h; path = GHZBaseNavigationVController.h; sourceTree = "<group>"; };
		DB4965AE26C2E19100A89EE9 /* GHZMainTabBarController.m */ = {isa = PBXFileReference; fileEncoding = 4; lastKnownFileType = sourcecode.c.objc; path = GHZMainTabBarController.m; sourceTree = "<group>"; };
		DB4965B126C2E19100A89EE9 /* GHZMeController.m */ = {isa = PBXFileReference; fileEncoding = 4; lastKnownFileType = sourcecode.c.objc; path = GHZMeController.m; sourceTree = "<group>"; };
		DB4965B226C2E19100A89EE9 /* GHZMeController.h */ = {isa = PBXFileReference; fileEncoding = 4; lastKnownFileType = sourcecode.c.h; path = GHZMeController.h; sourceTree = "<group>"; };
		DB4965B726C2E19100A89EE9 /* GHZPublishController.h */ = {isa = PBXFileReference; fileEncoding = 4; lastKnownFileType = sourcecode.c.h; path = GHZPublishController.h; sourceTree = "<group>"; };
		DB4965B826C2E19100A89EE9 /* GHZPublishController.m */ = {isa = PBXFileReference; fileEncoding = 4; lastKnownFileType = sourcecode.c.objc; path = GHZPublishController.m; sourceTree = "<group>"; };
		DB4965C226C39AB600A89EE9 /* GHZTabBar.h */ = {isa = PBXFileReference; lastKnownFileType = sourcecode.c.h; path = GHZTabBar.h; sourceTree = "<group>"; };
		DB4965C326C39AB600A89EE9 /* GHZTabBar.m */ = {isa = PBXFileReference; lastKnownFileType = sourcecode.c.objc; path = GHZTabBar.m; sourceTree = "<group>"; };
		DB4965C626C3A44C00A89EE9 /* UIView+Frame.m */ = {isa = PBXFileReference; fileEncoding = 4; lastKnownFileType = sourcecode.c.objc; path = "UIView+Frame.m"; sourceTree = "<group>"; };
		DB4965C726C3A44C00A89EE9 /* UIImage+Image.m */ = {isa = PBXFileReference; fileEncoding = 4; lastKnownFileType = sourcecode.c.objc; path = "UIImage+Image.m"; sourceTree = "<group>"; };
		DB4965C826C3A44C00A89EE9 /* UIImage+Image.h */ = {isa = PBXFileReference; fileEncoding = 4; lastKnownFileType = sourcecode.c.h; path = "UIImage+Image.h"; sourceTree = "<group>"; };
		DB4965C926C3A44C00A89EE9 /* UIView+Frame.h */ = {isa = PBXFileReference; fileEncoding = 4; lastKnownFileType = sourcecode.c.h; path = "UIView+Frame.h"; sourceTree = "<group>"; };
		DB4965CC26C3A49100A89EE9 /* PrefixHeader.pch */ = {isa = PBXFileReference; lastKnownFileType = sourcecode.c.h; path = PrefixHeader.pch; sourceTree = "<group>"; };
		DB4965CD26C3BA6500A89EE9 /* UIBarButtonItem+item.h */ = {isa = PBXFileReference; lastKnownFileType = sourcecode.c.h; path = "UIBarButtonItem+item.h"; sourceTree = "<group>"; };
		DB4965CE26C3BA6500A89EE9 /* UIBarButtonItem+item.m */ = {isa = PBXFileReference; lastKnownFileType = sourcecode.c.objc; path = "UIBarButtonItem+item.m"; sourceTree = "<group>"; };
		DB4965D426C506F200A89EE9 /* GHZSettingViewController.h */ = {isa = PBXFileReference; lastKnownFileType = sourcecode.c.h; path = GHZSettingViewController.h; sourceTree = "<group>"; };
		DB4965D526C506F200A89EE9 /* GHZSettingViewController.m */ = {isa = PBXFileReference; lastKnownFileType = sourcecode.c.objc; path = GHZSettingViewController.m; sourceTree = "<group>"; };
		DB4965D726C51E7A00A89EE9 /* GHZADController.h */ = {isa = PBXFileReference; lastKnownFileType = sourcecode.c.h; path = GHZADController.h; sourceTree = "<group>"; };
		DB4965D826C51E7A00A89EE9 /* GHZADController.m */ = {isa = PBXFileReference; lastKnownFileType = sourcecode.c.objc; path = GHZADController.m; sourceTree = "<group>"; };
		DB4965DB26C51E9900A89EE9 /* GHZAD.xib */ = {isa = PBXFileReference; lastKnownFileType = file.xib; path = GHZAD.xib; sourceTree = "<group>"; };
		DB4965DE26C5234000A89EE9 /* LaunchImage@2x.png */ = {isa = PBXFileReference; lastKnownFileType = image.png; path = "LaunchImage@2x.png"; sourceTree = "<group>"; };
		DB4965DF26C5234000A89EE9 /* LaunchImage-568h@2x.png */ = {isa = PBXFileReference; lastKnownFileType = image.png; path = "LaunchImage-568h@2x.png"; sourceTree = "<group>"; };
		DB4965E026C5234000A89EE9 /* LaunchImage-800-667h@2x.png */ = {isa = PBXFileReference; lastKnownFileType = image.png; path = "LaunchImage-800-667h@2x.png"; sourceTree = "<group>"; };
		DB4965E126C5234000A89EE9 /* LaunchImage-800-Portrait-736h@3x.png */ = {isa = PBXFileReference; lastKnownFileType = image.png; path = "LaunchImage-800-Portrait-736h@3x.png"; sourceTree = "<group>"; };
		DB4965E226C5234000A89EE9 /* LaunchImage-700@2x.png */ = {isa = PBXFileReference; lastKnownFileType = image.png; path = "LaunchImage-700@2x.png"; sourceTree = "<group>"; };
		DB4965E326C5234000A89EE9 /* LaunchImage-700-568h@2x.png */ = {isa = PBXFileReference; lastKnownFileType = image.png; path = "LaunchImage-700-568h@2x.png"; sourceTree = "<group>"; };
		DB4965E426C5234000A89EE9 /* LaunchImage.png */ = {isa = PBXFileReference; lastKnownFileType = image.png; path = LaunchImage.png; sourceTree = "<group>"; };
		DB4965ED26C528F000A89EE9 /* AFSecurityPolicy.h */ = {isa = PBXFileReference; fileEncoding = 4; lastKnownFileType = sourcecode.c.h; path = AFSecurityPolicy.h; sourceTree = "<group>"; };
		DB4965EE26C528F000A89EE9 /* AFNetworkReachabilityManager.h */ = {isa = PBXFileReference; fileEncoding = 4; lastKnownFileType = sourcecode.c.h; path = AFNetworkReachabilityManager.h; sourceTree = "<group>"; };
		DB4965EF26C528F000A89EE9 /* AFURLSessionManager.h */ = {isa = PBXFileReference; fileEncoding = 4; lastKnownFileType = sourcecode.c.h; path = AFURLSessionManager.h; sourceTree = "<group>"; };
		DB4965F026C528F000A89EE9 /* AFURLRequestSerialization.h */ = {isa = PBXFileReference; fileEncoding = 4; lastKnownFileType = sourcecode.c.h; path = AFURLRequestSerialization.h; sourceTree = "<group>"; };
		DB4965F126C528F000A89EE9 /* AFURLResponseSerialization.m */ = {isa = PBXFileReference; fileEncoding = 4; lastKnownFileType = sourcecode.c.objc; path = AFURLResponseSerialization.m; sourceTree = "<group>"; };
		DB4965F226C528F000A89EE9 /* AFHTTPSessionManager.m */ = {isa = PBXFileReference; fileEncoding = 4; lastKnownFileType = sourcecode.c.objc; path = AFHTTPSessionManager.m; sourceTree = "<group>"; };
		DB4965F326C528F000A89EE9 /* AFURLResponseSerialization.h */ = {isa = PBXFileReference; fileEncoding = 4; lastKnownFileType = sourcecode.c.h; path = AFURLResponseSerialization.h; sourceTree = "<group>"; };
		DB4965F426C528F000A89EE9 /* AFURLSessionManager.m */ = {isa = PBXFileReference; fileEncoding = 4; lastKnownFileType = sourcecode.c.objc; path = AFURLSessionManager.m; sourceTree = "<group>"; };
		DB4965F526C528F000A89EE9 /* AFURLRequestSerialization.m */ = {isa = PBXFileReference; fileEncoding = 4; lastKnownFileType = sourcecode.c.objc; path = AFURLRequestSerialization.m; sourceTree = "<group>"; };
		DB4965F626C528F000A89EE9 /* AFNetworking.h */ = {isa = PBXFileReference; fileEncoding = 4; lastKnownFileType = sourcecode.c.h; path = AFNetworking.h; sourceTree = "<group>"; };
		DB4965F726C528F000A89EE9 /* AFNetworkReachabilityManager.m */ = {isa = PBXFileReference; fileEncoding = 4; lastKnownFileType = sourcecode.c.objc; path = AFNetworkReachabilityManager.m; sourceTree = "<group>"; };
		DB4965F826C528F000A89EE9 /* AFSecurityPolicy.m */ = {isa = PBXFileReference; fileEncoding = 4; lastKnownFileType = sourcecode.c.objc; path = AFSecurityPolicy.m; sourceTree = "<group>"; };
		DB4965F926C528F000A89EE9 /* AFCompatibilityMacros.h */ = {isa = PBXFileReference; fileEncoding = 4; lastKnownFileType = sourcecode.c.h; path = AFCompatibilityMacros.h; sourceTree = "<group>"; };
		DB4965FA26C528F000A89EE9 /* AFHTTPSessionManager.h */ = {isa = PBXFileReference; fileEncoding = 4; lastKnownFileType = sourcecode.c.h; path = AFHTTPSessionManager.h; sourceTree = "<group>"; };
/* End PBXFileReference section */

/* Begin PBXFrameworksBuildPhase section */
		DB49657826C2E11C00A89EE9 /* Frameworks */ = {
			isa = PBXFrameworksBuildPhase;
			buildActionMask = 2147483647;
			files = (
			);
			runOnlyForDeploymentPostprocessing = 0;
		};
/* End PBXFrameworksBuildPhase section */

/* Begin PBXGroup section */
		DB49657226C2E11C00A89EE9 = {
			isa = PBXGroup;
			children = (
				DB49657D26C2E11C00A89EE9 /* GHZbaisi */,
				DB49657C26C2E11C00A89EE9 /* Products */,
			);
			sourceTree = "<group>";
		};
		DB49657C26C2E11C00A89EE9 /* Products */ = {
			isa = PBXGroup;
			children = (
				DB49657B26C2E11C00A89EE9 /* GHZbaisi.app */,
			);
			name = Products;
			sourceTree = "<group>";
		};
		DB49657D26C2E11C00A89EE9 /* GHZbaisi */ = {
			isa = PBXGroup;
			children = (
				DB4965AA26C2E19100A89EE9 /* 主要 */,
				DB49659726C2E19100A89EE9 /* Class */,
				DB4965C526C3A44C00A89EE9 /* Category */,
				DB49657E26C2E11C00A89EE9 /* AppDelegate.h */,
				DB49657F26C2E11C00A89EE9 /* AppDelegate.m */,
				DB49658A26C2E11D00A89EE9 /* Assets.xcassets */,
				DB49658F26C2E11D00A89EE9 /* Info.plist */,
				DB49659026C2E11D00A89EE9 /* main.m */,
				DB4965CC26C3A49100A89EE9 /* PrefixHeader.pch */,
			);
			path = GHZbaisi;
			sourceTree = "<group>";
		};
		DB49659726C2E19100A89EE9 /* Class */ = {
			isa = PBXGroup;
			children = (
				DB49659826C2E19100A89EE9 /* essence(精华) */,
				DB49659E26C2E19100A89EE9 /* New(新帖) */,
				DB4965A426C2E19100A89EE9 /* FriendTrend(关注) */,
				DB4965AF26C2E19100A89EE9 /* Me(我) */,
				DB4965B526C2E19100A89EE9 /* Publish(发布) */,
				DB4965DA26C51E8000A89EE9 /* Ad(广告页面) */,
			);
			path = Class;
			sourceTree = "<group>";
		};
		DB49659826C2E19100A89EE9 /* essence(精华) */ = {
			isa = PBXGroup;
			children = (
				DB49659926C2E19100A89EE9 /* Controller */,
				DB49659C26C2E19100A89EE9 /* Model */,
				DB49659D26C2E19100A89EE9 /* View */,
			);
			path = "essence(精华)";
			sourceTree = "<group>";
		};
		DB49659926C2E19100A89EE9 /* Controller */ = {
			isa = PBXGroup;
			children = (
				DB49659B26C2E19100A89EE9 /* GHZEssenceViewController.h */,
				DB49659A26C2E19100A89EE9 /* GHZEssenceViewController.m */,
			);
			path = Controller;
			sourceTree = "<group>";
		};
		DB49659C26C2E19100A89EE9 /* Model */ = {
			isa = PBXGroup;
			children = (
			);
			path = Model;
			sourceTree = "<group>";
		};
		DB49659D26C2E19100A89EE9 /* View */ = {
			isa = PBXGroup;
			children = (
			);
			path = View;
			sourceTree = "<group>";
		};
		DB49659E26C2E19100A89EE9 /* New(新帖) */ = {
			isa = PBXGroup;
			children = (
				DB49659F26C2E19100A89EE9 /* Controller */,
				DB4965A226C2E19100A89EE9 /* Model */,
				DB4965A326C2E19100A89EE9 /* View */,
			);
			path = "New(新帖)";
			sourceTree = "<group>";
		};
		DB49659F26C2E19100A89EE9 /* Controller */ = {
			isa = PBXGroup;
			children = (
				DB4965A126C2E19100A89EE9 /* GHZNewController.h */,
				DB4965A026C2E19100A89EE9 /* GHZNewController.m */,
			);
			path = Controller;
			sourceTree = "<group>";
		};
		DB4965A226C2E19100A89EE9 /* Model */ = {
			isa = PBXGroup;
			children = (
			);
			path = Model;
			sourceTree = "<group>";
		};
		DB4965A326C2E19100A89EE9 /* View */ = {
			isa = PBXGroup;
			children = (
			);
			path = View;
			sourceTree = "<group>";
		};
		DB4965A426C2E19100A89EE9 /* FriendTrend(关注) */ = {
			isa = PBXGroup;
			children = (
				DB4965A526C2E19100A89EE9 /* Controller */,
				DB4965A826C2E19100A89EE9 /* Model */,
				DB4965A926C2E19100A89EE9 /* View */,
			);
			path = "FriendTrend(关注)";
			sourceTree = "<group>";
		};
		DB4965A526C2E19100A89EE9 /* Controller */ = {
			isa = PBXGroup;
			children = (
				DB4965A626C2E19100A89EE9 /* GHZFriendTrendViewController.h */,
				DB4965A726C2E19100A89EE9 /* GHZFriendTrendViewController.m */,
			);
			path = Controller;
			sourceTree = "<group>";
		};
		DB4965A826C2E19100A89EE9 /* Model */ = {
			isa = PBXGroup;
			children = (
			);
			path = Model;
			sourceTree = "<group>";
		};
		DB4965A926C2E19100A89EE9 /* View */ = {
			isa = PBXGroup;
			children = (
			);
			path = View;
			sourceTree = "<group>";
		};
		DB4965AA26C2E19100A89EE9 /* 主要 */ = {
			isa = PBXGroup;
			children = (
				DB4965AD26C2E19100A89EE9 /* GHZBaseNavigationVController.h */,
				DB4965AB26C2E19100A89EE9 /* GHZBaseNavigationVController.m */,
				DB4965AC26C2E19100A89EE9 /* GHZMainTabBarController.h */,
				DB4965AE26C2E19100A89EE9 /* GHZMainTabBarController.m */,
				DB4965C226C39AB600A89EE9 /* GHZTabBar.h */,
				DB4965C326C39AB600A89EE9 /* GHZTabBar.m */,
			);
			path = "主要";
			sourceTree = "<group>";
		};
		DB4965AF26C2E19100A89EE9 /* Me(我) */ = {
			isa = PBXGroup;
			children = (
				DB4965D026C506C200A89EE9 /* setting(设置) */,
				DB4965B026C2E19100A89EE9 /* Controller */,
				DB4965B326C2E19100A89EE9 /* Model */,
				DB4965B426C2E19100A89EE9 /* View */,
			);
			path = "Me(我)";
			sourceTree = "<group>";
		};
		DB4965B026C2E19100A89EE9 /* Controller */ = {
			isa = PBXGroup;
			children = (
				DB4965B226C2E19100A89EE9 /* GHZMeController.h */,
				DB4965B126C2E19100A89EE9 /* GHZMeController.m */,
			);
			path = Controller;
			sourceTree = "<group>";
		};
		DB4965B326C2E19100A89EE9 /* Model */ = {
			isa = PBXGroup;
			children = (
			);
			path = Model;
			sourceTree = "<group>";
		};
		DB4965B426C2E19100A89EE9 /* View */ = {
			isa = PBXGroup;
			children = (
			);
			path = View;
			sourceTree = "<group>";
		};
		DB4965B526C2E19100A89EE9 /* Publish(发布) */ = {
			isa = PBXGroup;
			children = (
				DB4965B626C2E19100A89EE9 /* Controller */,
				DB4965B926C2E19100A89EE9 /* Model */,
				DB4965BA26C2E19100A89EE9 /* View */,
			);
			path = "Publish(发布)";
			sourceTree = "<group>";
		};
		DB4965B626C2E19100A89EE9 /* Controller */ = {
			isa = PBXGroup;
			children = (
				DB4965B726C2E19100A89EE9 /* GHZPublishController.h */,
				DB4965B826C2E19100A89EE9 /* GHZPublishController.m */,
			);
			path = Controller;
			sourceTree = "<group>";
		};
		DB4965B926C2E19100A89EE9 /* Model */ = {
			isa = PBXGroup;
			children = (
			);
			path = Model;
			sourceTree = "<group>";
		};
		DB4965BA26C2E19100A89EE9 /* View */ = {
			isa = PBXGroup;
			children = (
			);
			path = View;
			sourceTree = "<group>";
		};
		DB4965C526C3A44C00A89EE9 /* Category */ = {
			isa = PBXGroup;
			children = (
				DB4965EC26C528F000A89EE9 /* AFNetworking */,
				DB4965DD26C5234000A89EE9 /* 启动图片 */,
				DB4965CD26C3BA6500A89EE9 /* UIBarButtonItem+item.h */,
				DB4965CE26C3BA6500A89EE9 /* UIBarButtonItem+item.m */,
				DB4965C826C3A44C00A89EE9 /* UIImage+Image.h */,
				DB4965C726C3A44C00A89EE9 /* UIImage+Image.m */,
				DB4965C926C3A44C00A89EE9 /* UIView+Frame.h */,
				DB4965C626C3A44C00A89EE9 /* UIView+Frame.m */,
			);
			path = Category;
			sourceTree = "<group>";
		};
		DB4965D026C506C200A89EE9 /* setting(设置) */ = {
			isa = PBXGroup;
			children = (
				DB4965D126C506C200A89EE9 /* Controller */,
				DB4965D226C506C200A89EE9 /* Model */,
				DB4965D326C506C200A89EE9 /* View */,
			);
			name = "setting(设置)";
			path = "GHZbaisi/Class/setting(设置)";
			sourceTree = SOURCE_ROOT;
		};
		DB4965D126C506C200A89EE9 /* Controller */ = {
			isa = PBXGroup;
			children = (
				DB4965D426C506F200A89EE9 /* GHZSettingViewController.h */,
				DB4965D526C506F200A89EE9 /* GHZSettingViewController.m */,
			);
			path = Controller;
			sourceTree = "<group>";
		};
		DB4965D226C506C200A89EE9 /* Model */ = {
			isa = PBXGroup;
			children = (
			);
			path = Model;
			sourceTree = "<group>";
		};
		DB4965D326C506C200A89EE9 /* View */ = {
			isa = PBXGroup;
			children = (
			);
			path = View;
			sourceTree = "<group>";
		};
		DB4965DA26C51E8000A89EE9 /* Ad(广告页面) */ = {
			isa = PBXGroup;
			children = (
				DB4965D726C51E7A00A89EE9 /* GHZADController.h */,
				DB4965D826C51E7A00A89EE9 /* GHZADController.m */,
				DB4965DB26C51E9900A89EE9 /* GHZAD.xib */,
			);
			path = "Ad(广告页面)";
			sourceTree = "<group>";
		};
		DB4965DD26C5234000A89EE9 /* 启动图片 */ = {
			isa = PBXGroup;
			children = (
				DB4965DE26C5234000A89EE9 /* LaunchImage@2x.png */,
				DB4965DF26C5234000A89EE9 /* LaunchImage-568h@2x.png */,
				DB4965E026C5234000A89EE9 /* LaunchImage-800-667h@2x.png */,
				DB4965E126C5234000A89EE9 /* LaunchImage-800-Portrait-736h@3x.png */,
				DB4965E226C5234000A89EE9 /* LaunchImage-700@2x.png */,
				DB4965E326C5234000A89EE9 /* LaunchImage-700-568h@2x.png */,
				DB4965E426C5234000A89EE9 /* LaunchImage.png */,
			);
			path = "启动图片";
			sourceTree = "<group>";
		};
		DB4965EC26C528F000A89EE9 /* AFNetworking */ = {
			isa = PBXGroup;
			children = (
				DB4965ED26C528F000A89EE9 /* AFSecurityPolicy.h */,
				DB4965EE26C528F000A89EE9 /* AFNetworkReachabilityManager.h */,
				DB4965EF26C528F000A89EE9 /* AFURLSessionManager.h */,
				DB4965F026C528F000A89EE9 /* AFURLRequestSerialization.h */,
				DB4965F126C528F000A89EE9 /* AFURLResponseSerialization.m */,
				DB4965F226C528F000A89EE9 /* AFHTTPSessionManager.m */,
				DB4965F326C528F000A89EE9 /* AFURLResponseSerialization.h */,
				DB4965F426C528F000A89EE9 /* AFURLSessionManager.m */,
				DB4965F526C528F000A89EE9 /* AFURLRequestSerialization.m */,
				DB4965F626C528F000A89EE9 /* AFNetworking.h */,
				DB4965F726C528F000A89EE9 /* AFNetworkReachabilityManager.m */,
				DB4965F826C528F000A89EE9 /* AFSecurityPolicy.m */,
				DB4965F926C528F000A89EE9 /* AFCompatibilityMacros.h */,
				DB4965FA26C528F000A89EE9 /* AFHTTPSessionManager.h */,
			);
			path = AFNetworking;
			sourceTree = "<group>";
		};
/* End PBXGroup section */

/* Begin PBXNativeTarget section */
		DB49657A26C2E11C00A89EE9 /* GHZbaisi */ = {
			isa = PBXNativeTarget;
			buildConfigurationList = DB49659426C2E11D00A89EE9 /* Build configuration list for PBXNativeTarget "GHZbaisi" */;
			buildPhases = (
				DB49657726C2E11C00A89EE9 /* Sources */,
				DB49657826C2E11C00A89EE9 /* Frameworks */,
				DB49657926C2E11C00A89EE9 /* Resources */,
			);
			buildRules = (
			);
			dependencies = (
			);
			name = GHZbaisi;
			productName = GHZbaisi;
			productReference = DB49657B26C2E11C00A89EE9 /* GHZbaisi.app */;
			productType = "com.apple.product-type.application";
		};
/* End PBXNativeTarget section */

/* Begin PBXProject section */
		DB49657326C2E11C00A89EE9 /* Project object */ = {
			isa = PBXProject;
			attributes = {
				CLASSPREFIX = GHZ;
				LastUpgradeCheck = 1250;
				TargetAttributes = {
					DB49657A26C2E11C00A89EE9 = {
						CreatedOnToolsVersion = 12.5;
					};
				};
			};
			buildConfigurationList = DB49657626C2E11C00A89EE9 /* Build configuration list for PBXProject "GHZbaisi" */;
			compatibilityVersion = "Xcode 9.3";
			developmentRegion = en;
			hasScannedForEncodings = 0;
			knownRegions = (
				en,
				Base,
			);
			mainGroup = DB49657226C2E11C00A89EE9;
			productRefGroup = DB49657C26C2E11C00A89EE9 /* Products */;
			projectDirPath = "";
			projectRoot = "";
			targets = (
				DB49657A26C2E11C00A89EE9 /* GHZbaisi */,
			);
		};
/* End PBXProject section */

/* Begin PBXResourcesBuildPhase section */
		DB49657926C2E11C00A89EE9 /* Resources */ = {
			isa = PBXResourcesBuildPhase;
			buildActionMask = 2147483647;
			files = (
				DB4965E726C5234000A89EE9 /* LaunchImage-800-667h@2x.png in Resources */,
				DB4965DC26C51E9900A89EE9 /* GHZAD.xib in Resources */,
				DB4965EB26C5234000A89EE9 /* LaunchImage.png in Resources */,
				DB4965EA26C5234000A89EE9 /* LaunchImage-700-568h@2x.png in Resources */,
				DB4965E526C5234000A89EE9 /* LaunchImage@2x.png in Resources */,
				DB4965E626C5234000A89EE9 /* LaunchImage-568h@2x.png in Resources */,
				DB4965E826C5234000A89EE9 /* LaunchImage-800-Portrait-736h@3x.png in Resources */,
				DB4965E926C5234000A89EE9 /* LaunchImage-700@2x.png in Resources */,
				DB49658B26C2E11D00A89EE9 /* Assets.xcassets in Resources */,
			);
			runOnlyForDeploymentPostprocessing = 0;
		};
/* End PBXResourcesBuildPhase section */

/* Begin PBXSourcesBuildPhase section */
		DB49657726C2E11C00A89EE9 /* Sources */ = {
			isa = PBXSourcesBuildPhase;
			buildActionMask = 2147483647;
			files = (
				DB4965CF26C3BA6500A89EE9 /* UIBarButtonItem+item.m in Sources */,
				DB4965BC26C2E19100A89EE9 /* GHZNewController.m in Sources */,
				DB4965FF26C528F100A89EE9 /* AFNetworkReachabilityManager.m in Sources */,
				DB49658026C2E11C00A89EE9 /* AppDelegate.m in Sources */,
				DB49659126C2E11D00A89EE9 /* main.m in Sources */,
				DB4965C026C2E19100A89EE9 /* GHZMeController.m in Sources */,
				DB4965BB26C2E19100A89EE9 /* GHZEssenceViewController.m in Sources */,
				DB49660026C528F100A89EE9 /* AFSecurityPolicy.m in Sources */,
				DB4965BD26C2E19100A89EE9 /* GHZFriendTrendViewController.m in Sources */,
				DB4965D626C506F200A89EE9 /* GHZSettingViewController.m in Sources */,
				DB4965BF26C2E19100A89EE9 /* GHZMainTabBarController.m in Sources */,
				DB4965FD26C528F100A89EE9 /* AFURLSessionManager.m in Sources */,
				DB4965BE26C2E19100A89EE9 /* GHZBaseNavigationVController.m in Sources */,
				DB4965C126C2E19100A89EE9 /* GHZPublishController.m in Sources */,
				DB4965FE26C528F100A89EE9 /* AFURLRequestSerialization.m in Sources */,
				DB4965CB26C3A44C00A89EE9 /* UIImage+Image.m in Sources */,
				DB4965C426C39AB600A89EE9 /* GHZTabBar.m in Sources */,
				DB4965CA26C3A44C00A89EE9 /* UIView+Frame.m in Sources */,
				DB4965FB26C528F100A89EE9 /* AFURLResponseSerialization.m in Sources */,
				DB4965FC26C528F100A89EE9 /* AFHTTPSessionManager.m in Sources */,
				DB4965D926C51E7A00A89EE9 /* GHZADController.m in Sources */,
			);
			runOnlyForDeploymentPostprocessing = 0;
		};
/* End PBXSourcesBuildPhase section */

/* Begin XCBuildConfiguration section */
		DB49659226C2E11D00A89EE9 /* Debug */ = {
			isa = XCBuildConfiguration;
			buildSettings = {
				ALWAYS_SEARCH_USER_PATHS = NO;
				CLANG_ANALYZER_NONNULL = YES;
				CLANG_ANALYZER_NUMBER_OBJECT_CONVERSION = YES_AGGRESSIVE;
				CLANG_CXX_LANGUAGE_STANDARD = "gnu++14";
				CLANG_CXX_LIBRARY = "libc++";
				CLANG_ENABLE_MODULES = YES;
				CLANG_ENABLE_OBJC_ARC = YES;
				CLANG_ENABLE_OBJC_WEAK = YES;
				CLANG_WARN_BLOCK_CAPTURE_AUTORELEASING = YES;
				CLANG_WARN_BOOL_CONVERSION = YES;
				CLANG_WARN_COMMA = YES;
				CLANG_WARN_CONSTANT_CONVERSION = YES;
				CLANG_WARN_DEPRECATED_OBJC_IMPLEMENTATIONS = YES;
				CLANG_WARN_DIRECT_OBJC_ISA_USAGE = YES_ERROR;
				CLANG_WARN_DOCUMENTATION_COMMENTS = YES;
				CLANG_WARN_EMPTY_BODY = YES;
				CLANG_WARN_ENUM_CONVERSION = YES;
				CLANG_WARN_INFINITE_RECURSION = YES;
				CLANG_WARN_INT_CONVERSION = YES;
				CLANG_WARN_NON_LITERAL_NULL_CONVERSION = YES;
				CLANG_WARN_OBJC_IMPLICIT_RETAIN_SELF = YES;
				CLANG_WARN_OBJC_LITERAL_CONVERSION = YES;
				CLANG_WARN_OBJC_ROOT_CLASS = YES_ERROR;
				CLANG_WARN_QUOTED_INCLUDE_IN_FRAMEWORK_HEADER = YES;
				CLANG_WARN_RANGE_LOOP_ANALYSIS = YES;
				CLANG_WARN_STRICT_PROTOTYPES = YES;
				CLANG_WARN_SUSPICIOUS_MOVE = YES;
				CLANG_WARN_UNGUARDED_AVAILABILITY = YES_AGGRESSIVE;
				CLANG_WARN_UNREACHABLE_CODE = YES;
				CLANG_WARN__DUPLICATE_METHOD_MATCH = YES;
				COPY_PHASE_STRIP = NO;
				DEBUG_INFORMATION_FORMAT = dwarf;
				ENABLE_STRICT_OBJC_MSGSEND = YES;
				ENABLE_TESTABILITY = YES;
				GCC_C_LANGUAGE_STANDARD = gnu11;
				GCC_DYNAMIC_NO_PIC = NO;
				GCC_NO_COMMON_BLOCKS = YES;
				GCC_OPTIMIZATION_LEVEL = 0;
				GCC_PREPROCESSOR_DEFINITIONS = (
					"DEBUG=1",
					"$(inherited)",
				);
				GCC_WARN_64_TO_32_BIT_CONVERSION = YES;
				GCC_WARN_ABOUT_RETURN_TYPE = YES_ERROR;
				GCC_WARN_UNDECLARED_SELECTOR = YES;
				GCC_WARN_UNINITIALIZED_AUTOS = YES_AGGRESSIVE;
				GCC_WARN_UNUSED_FUNCTION = YES;
				GCC_WARN_UNUSED_VARIABLE = YES;
				IPHONEOS_DEPLOYMENT_TARGET = 14.5;
				MTL_ENABLE_DEBUG_INFO = INCLUDE_SOURCE;
				MTL_FAST_MATH = YES;
				ONLY_ACTIVE_ARCH = YES;
				SDKROOT = iphoneos;
			};
			name = Debug;
		};
		DB49659326C2E11D00A89EE9 /* Release */ = {
			isa = XCBuildConfiguration;
			buildSettings = {
				ALWAYS_SEARCH_USER_PATHS = NO;
				CLANG_ANALYZER_NONNULL = YES;
				CLANG_ANALYZER_NUMBER_OBJECT_CONVERSION = YES_AGGRESSIVE;
				CLANG_CXX_LANGUAGE_STANDARD = "gnu++14";
				CLANG_CXX_LIBRARY = "libc++";
				CLANG_ENABLE_MODULES = YES;
				CLANG_ENABLE_OBJC_ARC = YES;
				CLANG_ENABLE_OBJC_WEAK = YES;
				CLANG_WARN_BLOCK_CAPTURE_AUTORELEASING = YES;
				CLANG_WARN_BOOL_CONVERSION = YES;
				CLANG_WARN_COMMA = YES;
				CLANG_WARN_CONSTANT_CONVERSION = YES;
				CLANG_WARN_DEPRECATED_OBJC_IMPLEMENTATIONS = YES;
				CLANG_WARN_DIRECT_OBJC_ISA_USAGE = YES_ERROR;
				CLANG_WARN_DOCUMENTATION_COMMENTS = YES;
				CLANG_WARN_EMPTY_BODY = YES;
				CLANG_WARN_ENUM_CONVERSION = YES;
				CLANG_WARN_INFINITE_RECURSION = YES;
				CLANG_WARN_INT_CONVERSION = YES;
				CLANG_WARN_NON_LITERAL_NULL_CONVERSION = YES;
				CLANG_WARN_OBJC_IMPLICIT_RETAIN_SELF = YES;
				CLANG_WARN_OBJC_LITERAL_CONVERSION = YES;
				CLANG_WARN_OBJC_ROOT_CLASS = YES_ERROR;
				CLANG_WARN_QUOTED_INCLUDE_IN_FRAMEWORK_HEADER = YES;
				CLANG_WARN_RANGE_LOOP_ANALYSIS = YES;
				CLANG_WARN_STRICT_PROTOTYPES = YES;
				CLANG_WARN_SUSPICIOUS_MOVE = YES;
				CLANG_WARN_UNGUARDED_AVAILABILITY = YES_AGGRESSIVE;
				CLANG_WARN_UNREACHABLE_CODE = YES;
				CLANG_WARN__DUPLICATE_METHOD_MATCH = YES;
				COPY_PHASE_STRIP = NO;
				DEBUG_INFORMATION_FORMAT = "dwarf-with-dsym";
				ENABLE_NS_ASSERTIONS = NO;
				ENABLE_STRICT_OBJC_MSGSEND = YES;
				GCC_C_LANGUAGE_STANDARD = gnu11;
				GCC_NO_COMMON_BLOCKS = YES;
				GCC_WARN_64_TO_32_BIT_CONVERSION = YES;
				GCC_WARN_ABOUT_RETURN_TYPE = YES_ERROR;
				GCC_WARN_UNDECLARED_SELECTOR = YES;
				GCC_WARN_UNINITIALIZED_AUTOS = YES_AGGRESSIVE;
				GCC_WARN_UNUSED_FUNCTION = YES;
				GCC_WARN_UNUSED_VARIABLE = YES;
				IPHONEOS_DEPLOYMENT_TARGET = 14.5;
				MTL_ENABLE_DEBUG_INFO = NO;
				MTL_FAST_MATH = YES;
				SDKROOT = iphoneos;
				VALIDATE_PRODUCT = YES;
			};
			name = Release;
		};
		DB49659526C2E11D00A89EE9 /* Debug */ = {
			isa = XCBuildConfiguration;
			buildSettings = {
				ASSETCATALOG_COMPILER_APPICON_NAME = AppIcon;
				ASSETCATALOG_COMPILER_GLOBAL_ACCENT_COLOR_NAME = AccentColor;
				CODE_SIGN_STYLE = Automatic;
				DEVELOPMENT_TEAM = PXC94WQ66W;
				GCC_PREFIX_HEADER = GHZbaisi/PrefixHeader.pch;
				INFOPLIST_FILE = GHZbaisi/Info.plist;
				LD_RUNPATH_SEARCH_PATHS = (
					"$(inherited)",
					"@executable_path/Frameworks",
				);
				PRODUCT_BUNDLE_IDENTIFIER = ghz.GHZbaisi;
				PRODUCT_NAME = "$(TARGET_NAME)";
				TARGETED_DEVICE_FAMILY = 1;
			};
			name = Debug;
		};
		DB49659626C2E11D00A89EE9 /* Release */ = {
			isa = XCBuildConfiguration;
			buildSettings = {
				ASSETCATALOG_COMPILER_APPICON_NAME = AppIcon;
				ASSETCATALOG_COMPILER_GLOBAL_ACCENT_COLOR_NAME = AccentColor;
				CODE_SIGN_STYLE = Automatic;
				DEVELOPMENT_TEAM = PXC94WQ66W;
				GCC_PREFIX_HEADER = GHZbaisi/PrefixHeader.pch;
				INFOPLIST_FILE = GHZbaisi/Info.plist;
				LD_RUNPATH_SEARCH_PATHS = (
					"$(inherited)",
					"@executable_path/Frameworks",
				);
				PRODUCT_BUNDLE_IDENTIFIER = ghz.GHZbaisi;
				PRODUCT_NAME = "$(TARGET_NAME)";
				TARGETED_DEVICE_FAMILY = 1;
			};
			name = Release;
		};
/* End XCBuildConfiguration section */

/* Begin XCConfigurationList section */
		DB49657626C2E11C00A89EE9 /* Build configuration list for PBXProject "GHZbaisi" */ = {
			isa = XCConfigurationList;
			buildConfigurations = (
				DB49659226C2E11D00A89EE9 /* Debug */,
				DB49659326C2E11D00A89EE9 /* Release */,
			);
			defaultConfigurationIsVisible = 0;
			defaultConfigurationName = Release;
		};
		DB49659426C2E11D00A89EE9 /* Build configuration list for PBXNativeTarget "GHZbaisi" */ = {
			isa = XCConfigurationList;
			buildConfigurations = (
				DB49659526C2E11D00A89EE9 /* Debug */,
				DB49659626C2E11D00A89EE9 /* Release */,
			);
			defaultConfigurationIsVisible = 0;
			defaultConfigurationName = Release;
		};
/* End XCConfigurationList section */
	};
	rootObject = DB49657326C2E11C00A89EE9 /* Project object */;
}
